
Microsoft Visual Studio Solution File, Format Version 12.00
# Visual Studio 15
VisualStudioVersion = 15.0.27428.2015
MinimumVisualStudioVersion = 10.0.40219.1
Project("{FAE04EC0-301F-11D3-BF4B-00C04F79EFBC}") = "SDCM check", "SDCM check\SDCM check.csproj", "{11DD65FF-8AF0-4F20-A87F-D49CBE385DF2}"
EndProject
Global
	GlobalSection(SolutionConfigurationPlatforms) = preSolution
		Debug|Any CPU = Debug|Any CPU
		Release|Any CPU = Release|Any CPU
	EndGlobalSection
	GlobalSection(ProjectConfigurationPlatforms) = postSolution
		{11DD65FF-8AF0-4F20-A87F-D49CBE385DF2}.Debug|Any CPU.ActiveCfg = Debug|Any CPU
		{11DD65FF-8AF0-4F20-A87F-D49CBE385DF2}.Debug|Any CPU.Build.0 = Debug|Any CPU
		{11DD65FF-8AF0-4F20-A87F-D49CBE385DF2}.Release|Any CPU.ActiveCfg = Release|Any CPU
		{11DD65FF-8AF0-4F20-A87F-D49CBE385DF2}.Release|Any CPU.Build.0 = Release|Any CPU
	EndGlobalSection
	GlobalSection(SolutionProperties) = preSolution
		HideSolutionNode = FALSE
	EndGlobalSection
	GlobalSection(ExtensibilityGlobals) = postSolution
		SolutionGuid = {EE463D8C-8B33-4E55-BBD6-90A785C5F451}
	EndGlobalSection
EndGlobal
